
Microsoft Visual Studio Solution File, Format Version 12.00
# Visual Studio Version 17
VisualStudioVersion = 17.6.33829.357
MinimumVisualStudioVersion = 10.0.40219.1
Project("{FAE04EC0-301F-11D3-BF4B-00C04F79EFBC}") = "TestWebApplication", "src\TestWebApplication.csproj", "{589F4367-818C-42CB-9CCC-AA6382548C25}"
EndProject
Global
	GlobalSection(SolutionConfigurationPlatforms) = preSolution
		Debug|Any CPU = Debug|Any CPU
		Release|Any CPU = Release|Any CPU
	EndGlobalSection
	GlobalSection(ProjectConfigurationPlatforms) = postSolution
		{589F4367-818C-42CB-9CCC-AA6382548C25}.Debug|Any CPU.ActiveCfg = Debug|Any CPU
		{589F4367-818C-42CB-9CCC-AA6382548C25}.Debug|Any CPU.Build.0 = Debug|Any CPU
		{589F4367-818C-42CB-9CCC-AA6382548C25}.Release|Any CPU.ActiveCfg = Release|Any CPU
		{589F4367-818C-42CB-9CCC-AA6382548C25}.Release|Any CPU.Build.0 = Release|Any CPU
	EndGlobalSection
	GlobalSection(SolutionProperties) = preSolution
		HideSolutionNode = FALSE
	EndGlobalSection
	GlobalSection(ExtensibilityGlobals) = postSolution
		SolutionGuid = {D8D8DD51-FD5E-4AA9-8591-54E989F92CEF}
	EndGlobalSection
EndGlobal
